<Solution>
  <Project Path="BlazingSingularity\BlazingSingularity.csproj" />
  <Project Path="BlazingSingularity.SourceGenerators\BlazingSingularity.SourceGenerators.csproj" />
  <Project Path="BlazingSingularity.Demo.Client\BlazingSingularity.Demo.Client.csproj" />
  <Project Path="BlazingSingularity.Demo.Server\BlazingSingularity.Demo.csproj" />
</Solution>
