<Solution>
  <Folder Name="/src/">
    <Project Path="src\BlazingSingularity\BlazingSingularity.csproj" />
    <Project Path="src\BlazingSingularity.SourceGenerators\BlazingSingularity.SourceGenerators.csproj" />
  </Folder>
  <Folder Name="/src/demo/">
    <Project Path="src\demo\BlazingSingularity.Demo.Client\BlazingSingularity.Demo.Client.csproj" />
    <Project Path="src\demo\BlazingSingularity.Demo.Server\BlazingSingularity.Demo.csproj" />
  </Folder>
  <Folder Name="/tests/">
    <Project Path="tests\BlazingSingularity.SourceGenerators.Tests\BlazingSingularity.SourceGenerators.Tests.csproj" />
  </Folder>
</Solution>
